
Microsoft Visual Studio Solution File, Format Version 12.00
# Visual Studio Version 17
VisualStudioVersion = 17.8.34330.188
MinimumVisualStudioVersion = 10.0.40219.1
Project("{FAE04EC0-301F-11D3-BF4B-00C04F79EFBC}") = "CvProject", "CvProject\CvProject.csproj", "{0899D7A7-F5AF-4131-B9EC-5DF82572197B}"
EndProject
Global
	GlobalSection(SolutionConfigurationPlatforms) = preSolution
		Debug|Any CPU = Debug|Any CPU
		Release|Any CPU = Release|Any CPU
	EndGlobalSection
	GlobalSection(ProjectConfigurationPlatforms) = postSolution
		{0899D7A7-F5AF-4131-B9EC-5DF82572197B}.Debug|Any CPU.ActiveCfg = Debug|Any CPU
		{0899D7A7-F5AF-4131-B9EC-5DF82572197B}.Debug|Any CPU.Build.0 = Debug|Any CPU
		{0899D7A7-F5AF-4131-B9EC-5DF82572197B}.Release|Any CPU.ActiveCfg = Release|Any CPU
		{0899D7A7-F5AF-4131-B9EC-5DF82572197B}.Release|Any CPU.Build.0 = Release|Any CPU
	EndGlobalSection
	GlobalSection(SolutionProperties) = preSolution
		HideSolutionNode = FALSE
	EndGlobalSection
	GlobalSection(ExtensibilityGlobals) = postSolution
		SolutionGuid = {4A4017EC-903F-4B85-8A86-16B6E31A2BDD}
	EndGlobalSection
EndGlobal
